schema: '2.0'
stages:
  load_data:
    cmd: python Parkinson/load_data_v2.py /DevOps/MLOpsPactices/Parkinson/parkinsons_updrs.data
      data/processed/train_test_data.csv
    deps:
    - path: /DevOps/MLOpsPactices/Parkinson/parkinsons_updrs.data
      hash: md5
      md5: 4f97310e2c9fbeedb72e8a37822fee45
      size: 911261
    - path: Parkinson/load_data_v2.py
      hash: md5
      md5: 711f74229544a6af06a9fbf86af24951
      size: 265
    outs:
    - path: data/processed/train_test_data.csv
      hash: md5
      md5: bf5a01c3eaf3a0d913bdb7d3bf9331de
      size: 913294
  preprocess:
    cmd: python Parkinson/preprocess_data_v2.py data/processed/train_test_data.csv
      data/processed/X_train.csv data/processed/X_test.csv data/processed/y_train.csv
      data/processed/y_test.csv
    deps:
    - path: Parkinson/preprocess_data_v2.py
      hash: md5
      md5: 0405510dd8f1a94fe55f276ce7555df0
      size: 2075
    - path: data/processed/train_test_data.csv
      hash: md5
      md5: bf5a01c3eaf3a0d913bdb7d3bf9331de
      size: 913294
    outs:
    - path: data/processed/X_test.csv
      hash: md5
      md5: f0c2d78d17b8ced01a8bcbe6f400b6ea
      size: 97248
    - path: data/processed/X_train.csv
      hash: md5
      md5: 2108fb6a0784feff92d7349775d18197
      size: 389288
    - path: data/processed/y_test.csv
      hash: md5
      md5: 043a4c8668717724eb6fbd416d38e455
      size: 9179
    - path: data/processed/y_train.csv
      hash: md5
      md5: a842bc416589832af884e1d6833f72ef
      size: 36643
  train:
    cmd: python Parkinson/train.py data/processed/X_train.csv data/processed/y_train.csv
      models/model.pkl
    deps:
    - path: Parkinson/train.py
      hash: md5
      md5: a88eea4e243b168ba71e1a5b422f3ed9
      size: 757
    - path: data/processed/X_train.csv
      hash: md5
      md5: 2108fb6a0784feff92d7349775d18197
      size: 389288
    - path: data/processed/y_train.csv
      hash: md5
      md5: a842bc416589832af884e1d6833f72ef
      size: 36643
    outs:
    - path: models/model.pkl
      hash: md5
      md5: 408d2cfc5ea3dbb67d9faefd67e113db
      size: 195704
  evaluate:
    cmd: python Parkinson/evaluate.py models/model.pkl data/processed/X_test.csv data/processed/y_test.csv
    deps:
    - path: Parkinson/evaluate.py
      hash: md5
      md5: c1bce92169b8804c93a64f889559d9f3
      size: 1108
    - path: data/processed/X_test.csv
      hash: md5
      md5: f0c2d78d17b8ced01a8bcbe6f400b6ea
      size: 97248
    - path: data/processed/y_test.csv
      hash: md5
      md5: 043a4c8668717724eb6fbd416d38e455
      size: 9179
    - path: models/model.pkl
      hash: md5
      md5: 408d2cfc5ea3dbb67d9faefd67e113db
      size: 195704
  train_GradientBoostingRegressor:
    cmd: python Parkinson/train_v2.py data/processed/X_train.csv data/processed/X_test.csv
      data/processed/y_train.csv data/processed/y_test.csv GradientBoostingRegressor
    deps:
    - path: Parkinson/train_v2.py
      hash: md5
      md5: bfa38a7f8dcb5d3b6400af18a4663215
      size: 3033
    - path: data/processed/X_test.csv
      hash: md5
      md5: f0c2d78d17b8ced01a8bcbe6f400b6ea
      size: 97248
    - path: data/processed/X_train.csv
      hash: md5
      md5: 2108fb6a0784feff92d7349775d18197
      size: 389288
    - path: data/processed/y_test.csv
      hash: md5
      md5: 043a4c8668717724eb6fbd416d38e455
      size: 9179
    - path: data/processed/y_train.csv
      hash: md5
      md5: a842bc416589832af884e1d6833f72ef
      size: 36643
    outs:
    - path: models/GradientBoostingRegressor_model.pkl
      hash: md5
      md5: 153dad8731c633708a0c0de8898a053d
      size: 195702
  train_RandomForestRegressor:
    cmd: python Parkinson/train_v2.py data/processed/X_train.csv data/processed/X_test.csv
      data/processed/y_train.csv data/processed/y_test.csv RandomForestRegressor
    deps:
    - path: Parkinson/train_v2.py
      hash: md5
      md5: bfa38a7f8dcb5d3b6400af18a4663215
      size: 3033
    - path: data/processed/X_test.csv
      hash: md5
      md5: f0c2d78d17b8ced01a8bcbe6f400b6ea
      size: 97248
    - path: data/processed/X_train.csv
      hash: md5
      md5: 2108fb6a0784feff92d7349775d18197
      size: 389288
    - path: data/processed/y_test.csv
      hash: md5
      md5: 043a4c8668717724eb6fbd416d38e455
      size: 9179
    - path: data/processed/y_train.csv
      hash: md5
      md5: a842bc416589832af884e1d6833f72ef
      size: 36643
    outs:
    - path: models/RandomForestRegressor_model.pkl
      hash: md5
      md5: 7c5ac98c3a4fc37f27794b08cc82d225
      size: 485473
  evaluate_GradientBoostingRegressor:
    cmd: python Parkinson/evaluate_v2.py models/GradientBoostingRegressor_model.pkl
      data/processed/X_test.csv data/processed/y_test.csv reports/GradientBoostingRegressor.txt
    deps:
    - path: Parkinson/evaluate_v2.py
      hash: md5
      md5: 270a05d36b424e16a3cd01a7ded75791
      size: 1064
    - path: data/processed/X_test.csv
      hash: md5
      md5: f0c2d78d17b8ced01a8bcbe6f400b6ea
      size: 97248
    - path: data/processed/y_test.csv
      hash: md5
      md5: 043a4c8668717724eb6fbd416d38e455
      size: 9179
    - path: models/GradientBoostingRegressor_model.pkl
      hash: md5
      md5: 153dad8731c633708a0c0de8898a053d
      size: 195702
    outs:
    - path: reports/GradientBoostingRegressor.txt
      hash: md5
      md5: 2f88d89bce4665231213fdb33361518c
      size: 49
  evaluate_RandomForestRegressor:
    cmd: python Parkinson/evaluate_v2.py models/RandomForestRegressor_model.pkl data/processed/X_test.csv
      data/processed/y_test.csv reports/RandomForestRegressor.txt
    deps:
    - path: Parkinson/evaluate_v2.py
      hash: md5
      md5: 270a05d36b424e16a3cd01a7ded75791
      size: 1064
    - path: data/processed/X_test.csv
      hash: md5
      md5: f0c2d78d17b8ced01a8bcbe6f400b6ea
      size: 97248
    - path: data/processed/y_test.csv
      hash: md5
      md5: 043a4c8668717724eb6fbd416d38e455
      size: 9179
    - path: models/RandomForestRegressor_model.pkl
      hash: md5
      md5: 7c5ac98c3a4fc37f27794b08cc82d225
      size: 485473
    outs:
    - path: reports/RandomForestRegressor.txt
      hash: md5
      md5: 2cd3bb8a5c339fefd0fd362afad0f834
      size: 49
